{
  "name": "designerlib",
  "version": "1.0.0",
  "lockfileVersion": 1,
  "requires": true,
  "dependencies": {
    "@grapecity/ar-designer": {
      "version": "14.1.1543",
      "resolved": "https://registry.npmjs.org/@grapecity/ar-designer/-/ar-designer-14.1.1543.tgz",
      "integrity": "sha512-0q3i6m2cVnxUOA3SulrLNMrL5HiJ2zXgLohpwrKWDmq8jGHGR4x1GVTPZGhtfBQzfeDiNqsZ90E2YRgdqIvtHg=="
    },
    "@grapecity/ar-viewer": {
      "version": "14.1.2460",
      "resolved": "https://registry.npmjs.org/@grapecity/ar-viewer/-/ar-viewer-14.1.2460.tgz",
      "integrity": "sha512-YxDeVFYtqcnbTkm4QZvlskTqzZubMmMBFydntS8+JS2A17NBUYJRQPlArTup+Dhc8aVGlwJqhURKNjnSLOlL+g=="
    },
    "ncp": {
      "version": "2.0.0",
      "resolved": "https://registry.npmjs.org/ncp/-/ncp-2.0.0.tgz",
      "integrity": "sha1-GVoh1sRuNh0vsSgbo4uR6d9727M="
    }
  }
}
